{
  "name": "camaro-monorepo",
  "lockfileVersion": 3,
  "requires": true,
  "packages": {
    "": {
      "name": "camaro-monorepo",
      "license": "MIT",
      "workspaces": [
        "packages/*"
      ]
    },
    "node_modules/@camaro/tsconfig": {
      "resolved": "packages/tsconfig",
      "link": true
    },
    "packages/tsconfig": {
      "name": "@camaro/tsconfig",
      "version": "1.2.0",
      "license": "MIT"
    }
  }
}
